
Microsoft Visual Studio Solution File, Format Version 12.00
# Visual Studio Version 17
VisualStudioVersion = 17.7.34009.444
MinimumVisualStudioVersion = 10.0.40219.1
Project("{FAE04EC0-301F-11D3-BF4B-00C04F79EFBC}") = "SkeletonReborn", "SkeletonReborn.csproj", "{98BD9811-09DC-4052-A21D-84D64F5FB783}"
EndProject
Global
	GlobalSection(SolutionConfigurationPlatforms) = preSolution
		Debug|Any CPU = Debug|Any CPU
		Release|Any CPU = Release|Any CPU
	EndGlobalSection
	GlobalSection(ProjectConfigurationPlatforms) = postSolution
		{98BD9811-09DC-4052-A21D-84D64F5FB783}.Debug|Any CPU.ActiveCfg = Debug|Any CPU
		{98BD9811-09DC-4052-A21D-84D64F5FB783}.Debug|Any CPU.Build.0 = Debug|Any CPU
		{98BD9811-09DC-4052-A21D-84D64F5FB783}.Release|Any CPU.ActiveCfg = Release|Any CPU
		{98BD9811-09DC-4052-A21D-84D64F5FB783}.Release|Any CPU.Build.0 = Release|Any CPU
	EndGlobalSection
	GlobalSection(SolutionProperties) = preSolution
		HideSolutionNode = FALSE
	EndGlobalSection
	GlobalSection(ExtensibilityGlobals) = postSolution
		SolutionGuid = {77CFBBE4-4D58-4A5C-9F4F-A8FD0D6A5E47}
	EndGlobalSection
EndGlobal
